
Microsoft Visual Studio Solution File, Format Version 12.00
# Visual Studio Version 17
VisualStudioVersion = 17.9.34728.123
MinimumVisualStudioVersion = 10.0.40219.1
Project("{8BC9CEB8-8B4A-11D0-8D11-00A0C91BC942}") = "PG3_3-1", "PG3_3-1.vcxproj", "{B5339864-2017-4D53-97E5-1F5F4DA6F75A}"
EndProject
Global
	GlobalSection(SolutionConfigurationPlatforms) = preSolution
		Debug|x64 = Debug|x64
		Debug|x86 = Debug|x86
		Release|x64 = Release|x64
		Release|x86 = Release|x86
	EndGlobalSection
	GlobalSection(ProjectConfigurationPlatforms) = postSolution
		{B5339864-2017-4D53-97E5-1F5F4DA6F75A}.Debug|x64.ActiveCfg = Debug|x64
		{B5339864-2017-4D53-97E5-1F5F4DA6F75A}.Debug|x64.Build.0 = Debug|x64
		{B5339864-2017-4D53-97E5-1F5F4DA6F75A}.Debug|x86.ActiveCfg = Debug|Win32
		{B5339864-2017-4D53-97E5-1F5F4DA6F75A}.Debug|x86.Build.0 = Debug|Win32
		{B5339864-2017-4D53-97E5-1F5F4DA6F75A}.Release|x64.ActiveCfg = Release|x64
		{B5339864-2017-4D53-97E5-1F5F4DA6F75A}.Release|x64.Build.0 = Release|x64
		{B5339864-2017-4D53-97E5-1F5F4DA6F75A}.Release|x86.ActiveCfg = Release|Win32
		{B5339864-2017-4D53-97E5-1F5F4DA6F75A}.Release|x86.Build.0 = Release|Win32
	EndGlobalSection
	GlobalSection(SolutionProperties) = preSolution
		HideSolutionNode = FALSE
	EndGlobalSection
	GlobalSection(ExtensibilityGlobals) = postSolution
		SolutionGuid = {D9A9F63F-90BC-476C-8527-CCFDE72A9EC9}
	EndGlobalSection
EndGlobal
